
Microsoft Visual Studio Solution File, Format Version 11.00
# Visual Studio 2010
Project("{FAE04EC0-301F-11D3-BF4B-00C04F79EFBC}") = "XmlParser", "XmlParser.csproj", "{C9D9F885-DE97-4666-8067-6091557CA400}"
EndProject
Project("{FAE04EC0-301F-11D3-BF4B-00C04F79EFBC}") = "XMLParserTest", "..\XMLParserTest\XMLParserTest.csproj", "{5493ED2C-63D3-4EC7-AB05-872DA1FEFEB5}"
EndProject
Global
	GlobalSection(SolutionConfigurationPlatforms) = preSolution
		Debug|Any CPU = Debug|Any CPU
		Debug|Mixed Platforms = Debug|Mixed Platforms
		Debug|x86 = Debug|x86
		Release|Any CPU = Release|Any CPU
		Release|Mixed Platforms = Release|Mixed Platforms
		Release|x86 = Release|x86
	EndGlobalSection
	GlobalSection(ProjectConfigurationPlatforms) = postSolution
		{C9D9F885-DE97-4666-8067-6091557CA400}.Debug|Any CPU.ActiveCfg = Debug|Any CPU
		{C9D9F885-DE97-4666-8067-6091557CA400}.Debug|Any CPU.Build.0 = Debug|Any CPU
		{C9D9F885-DE97-4666-8067-6091557CA400}.Debug|Mixed Platforms.ActiveCfg = Debug|Any CPU
		{C9D9F885-DE97-4666-8067-6091557CA400}.Debug|Mixed Platforms.Build.0 = Debug|Any CPU
		{C9D9F885-DE97-4666-8067-6091557CA400}.Debug|x86.ActiveCfg = Debug|Any CPU
		{C9D9F885-DE97-4666-8067-6091557CA400}.Release|Any CPU.ActiveCfg = Release|Any CPU
		{C9D9F885-DE97-4666-8067-6091557CA400}.Release|Any CPU.Build.0 = Release|Any CPU
		{C9D9F885-DE97-4666-8067-6091557CA400}.Release|Mixed Platforms.ActiveCfg = Release|Any CPU
		{C9D9F885-DE97-4666-8067-6091557CA400}.Release|Mixed Platforms.Build.0 = Release|Any CPU
		{C9D9F885-DE97-4666-8067-6091557CA400}.Release|x86.ActiveCfg = Release|Any CPU
		{5493ED2C-63D3-4EC7-AB05-872DA1FEFEB5}.Debug|Any CPU.ActiveCfg = Debug|x86
		{5493ED2C-63D3-4EC7-AB05-872DA1FEFEB5}.Debug|Mixed Platforms.ActiveCfg = Debug|x86
		{5493ED2C-63D3-4EC7-AB05-872DA1FEFEB5}.Debug|Mixed Platforms.Build.0 = Debug|x86
		{5493ED2C-63D3-4EC7-AB05-872DA1FEFEB5}.Debug|x86.ActiveCfg = Debug|x86
		{5493ED2C-63D3-4EC7-AB05-872DA1FEFEB5}.Debug|x86.Build.0 = Debug|x86
		{5493ED2C-63D3-4EC7-AB05-872DA1FEFEB5}.Release|Any CPU.ActiveCfg = Release|x86
		{5493ED2C-63D3-4EC7-AB05-872DA1FEFEB5}.Release|Mixed Platforms.ActiveCfg = Release|x86
		{5493ED2C-63D3-4EC7-AB05-872DA1FEFEB5}.Release|Mixed Platforms.Build.0 = Release|x86
		{5493ED2C-63D3-4EC7-AB05-872DA1FEFEB5}.Release|x86.ActiveCfg = Release|x86
		{5493ED2C-63D3-4EC7-AB05-872DA1FEFEB5}.Release|x86.Build.0 = Release|x86
	EndGlobalSection
	GlobalSection(SolutionProperties) = preSolution
		HideSolutionNode = FALSE
	EndGlobalSection
EndGlobal
